// !$*UTF8*$!
{
	archiveVersion = 1;
	classes = {
	};
	objectVersion = 46;
	objects = {

/* Begin PBXBuildFile section */
		63E66D45204456CA008D4EF1 /* Exception.c in Sources */ = {isa = PBXBuildFile; fileRef = 63E66D3B204456CA008D4EF1 /* Exception.c */; };
		63E66D46204456CA008D4EF1 /* Image.c in Sources */ = {isa = PBXBuildFile; fileRef = 63E66D3D204456CA008D4EF1 /* Image.c */; };
		63E66D47204456CA008D4EF1 /* minilightmerge.c in Sources */ = {isa = PBXBuildFile; fileRef = 63E66D3F204456CA008D4EF1 /* minilightmerge.c */; };
		63E66D48204456CA008D4EF1 /* Rgbe.c in Sources */ = {isa = PBXBuildFile; fileRef = 63E66D41204456CA008D4EF1 /* Rgbe.c */; };
		63E66D49204456CA008D4EF1 /* Vector3f.c in Sources */ = {isa = PBXBuildFile; fileRef = 63E66D43204456CA008D4EF1 /* Vector3f.c */; };
/* End PBXBuildFile section */

/* Begin PBXCopyFilesBuildPhase section */
		63E66D2F2044568F008D4EF1 /* CopyFiles */ = {
			isa = PBXCopyFilesBuildPhase;
			buildActionMask = 2147483647;
			dstPath = /usr/share/man/man1/;
			dstSubfolderSpec = 0;
			files = (
			);
			runOnlyForDeploymentPostprocessing = 1;
		};
/* End PBXCopyFilesBuildPhase section */

/* Begin PBXFileReference section */
		63E66D312044568F008D4EF1 /* minilight_merge */ = {isa = PBXFileReference; explicitFileType = "compiled.mach-o.executable"; includeInIndex = 0; path = minilight_merge; sourceTree = BUILT_PRODUCTS_DIR; };
		63E66D3B204456CA008D4EF1 /* Exception.c */ = {isa = PBXFileReference; fileEncoding = 4; lastKnownFileType = sourcecode.c.c; name = Exception.c; path = source/Exception.c; sourceTree = SOURCE_ROOT; };
		63E66D3C204456CA008D4EF1 /* Exception.h */ = {isa = PBXFileReference; fileEncoding = 4; lastKnownFileType = sourcecode.c.h; name = Exception.h; path = source/Exception.h; sourceTree = SOURCE_ROOT; };
		63E66D3D204456CA008D4EF1 /* Image.c */ = {isa = PBXFileReference; fileEncoding = 4; lastKnownFileType = sourcecode.c.c; name = Image.c; path = source/Image.c; sourceTree = SOURCE_ROOT; };
		63E66D3E204456CA008D4EF1 /* Image.h */ = {isa = PBXFileReference; fileEncoding = 4; lastKnownFileType = sourcecode.c.h; name = Image.h; path = source/Image.h; sourceTree = SOURCE_ROOT; };
		63E66D3F204456CA008D4EF1 /* minilightmerge.c */ = {isa = PBXFileReference; fileEncoding = 4; lastKnownFileType = sourcecode.c.c; name = minilightmerge.c; path = source/minilightmerge.c; sourceTree = SOURCE_ROOT; };
		63E66D40204456CA008D4EF1 /* Primitives.h */ = {isa = PBXFileReference; fileEncoding = 4; lastKnownFileType = sourcecode.c.h; name = Primitives.h; path = source/Primitives.h; sourceTree = SOURCE_ROOT; };
		63E66D41204456CA008D4EF1 /* Rgbe.c */ = {isa = PBXFileReference; fileEncoding = 4; lastKnownFileType = sourcecode.c.c; name = Rgbe.c; path = source/Rgbe.c; sourceTree = SOURCE_ROOT; };
		63E66D42204456CA008D4EF1 /* Rgbe.h */ = {isa = PBXFileReference; fileEncoding = 4; lastKnownFileType = sourcecode.c.h; name = Rgbe.h; path = source/Rgbe.h; sourceTree = SOURCE_ROOT; };
		63E66D43204456CA008D4EF1 /* Vector3f.c */ = {isa = PBXFileReference; fileEncoding = 4; lastKnownFileType = sourcecode.c.c; name = Vector3f.c; path = source/Vector3f.c; sourceTree = SOURCE_ROOT; };
		63E66D44204456CA008D4EF1 /* Vector3f.h */ = {isa = PBXFileReference; fileEncoding = 4; lastKnownFileType = sourcecode.c.h; name = Vector3f.h; path = source/Vector3f.h; sourceTree = SOURCE_ROOT; };
/* End PBXFileReference section */

/* Begin PBXFrameworksBuildPhase section */
		63E66D2E2044568F008D4EF1 /* Frameworks */ = {
			isa = PBXFrameworksBuildPhase;
			buildActionMask = 2147483647;
			files = (
			);
			runOnlyForDeploymentPostprocessing = 0;
		};
/* End PBXFrameworksBuildPhase section */

/* Begin PBXGroup section */
		63E66D282044568F008D4EF1 = {
			isa = PBXGroup;
			children = (
				63E66D332044568F008D4EF1 /* source */,
				63E66D322044568F008D4EF1 /* Products */,
			);
			sourceTree = "<group>";
		};
		63E66D322044568F008D4EF1 /* Products */ = {
			isa = PBXGroup;
			children = (
				63E66D312044568F008D4EF1 /* minilight_merge */,
			);
			name = Products;
			sourceTree = "<group>";
		};
		63E66D332044568F008D4EF1 /* source */ = {
			isa = PBXGroup;
			children = (
				63E66D3B204456CA008D4EF1 /* Exception.c */,
				63E66D3C204456CA008D4EF1 /* Exception.h */,
				63E66D3D204456CA008D4EF1 /* Image.c */,
				63E66D3E204456CA008D4EF1 /* Image.h */,
				63E66D3F204456CA008D4EF1 /* minilightmerge.c */,
				63E66D40204456CA008D4EF1 /* Primitives.h */,
				63E66D41204456CA008D4EF1 /* Rgbe.c */,
				63E66D42204456CA008D4EF1 /* Rgbe.h */,
				63E66D43204456CA008D4EF1 /* Vector3f.c */,
				63E66D44204456CA008D4EF1 /* Vector3f.h */,
			);
			name = source;
			path = minilight_merge;
			sourceTree = "<group>";
		};
/* End PBXGroup section */

/* Begin PBXNativeTarget section */
		63E66D302044568F008D4EF1 /* minilight_merge */ = {
			isa = PBXNativeTarget;
			buildConfigurationList = 63E66D382044568F008D4EF1 /* Build configuration list for PBXNativeTarget "minilight_merge" */;
			buildPhases = (
				63E66D2D2044568F008D4EF1 /* Sources */,
				63E66D2E2044568F008D4EF1 /* Frameworks */,
				63E66D2F2044568F008D4EF1 /* CopyFiles */,
			);
			buildRules = (
			);
			dependencies = (
			);
			name = minilight_merge;
			productName = minilight_merge;
			productReference = 63E66D312044568F008D4EF1 /* minilight_merge */;
			productType = "com.apple.product-type.tool";
		};
/* End PBXNativeTarget section */

/* Begin PBXProject section */
		63E66D292044568F008D4EF1 /* Project object */ = {
			isa = PBXProject;
			attributes = {
				LastUpgradeCheck = 0830;
				ORGANIZATIONNAME = "Riccardo Gigante";
				TargetAttributes = {
					63E66D302044568F008D4EF1 = {
						CreatedOnToolsVersion = 8.3.3;
						ProvisioningStyle = Automatic;
					};
				};
			};
			buildConfigurationList = 63E66D2C2044568F008D4EF1 /* Build configuration list for PBXProject "minilight_merge" */;
			compatibilityVersion = "Xcode 3.2";
			developmentRegion = English;
			hasScannedForEncodings = 0;
			knownRegions = (
				en,
			);
			mainGroup = 63E66D282044568F008D4EF1;
			productRefGroup = 63E66D322044568F008D4EF1 /* Products */;
			projectDirPath = "";
			projectRoot = "";
			targets = (
				63E66D302044568F008D4EF1 /* minilight_merge */,
			);
		};
/* End PBXProject section */

/* Begin PBXSourcesBuildPhase section */
		63E66D2D2044568F008D4EF1 /* Sources */ = {
			isa = PBXSourcesBuildPhase;
			buildActionMask = 2147483647;
			files = (
				63E66D47204456CA008D4EF1 /* minilightmerge.c in Sources */,
				63E66D45204456CA008D4EF1 /* Exception.c in Sources */,
				63E66D49204456CA008D4EF1 /* Vector3f.c in Sources */,
				63E66D46204456CA008D4EF1 /* Image.c in Sources */,
				63E66D48204456CA008D4EF1 /* Rgbe.c in Sources */,
			);
			runOnlyForDeploymentPostprocessing = 0;
		};
/* End PBXSourcesBuildPhase section */

/* Begin XCBuildConfiguration section */
		63E66D362044568F008D4EF1 /* Debug */ = {
			isa = XCBuildConfiguration;
			buildSettings = {
				ALWAYS_SEARCH_USER_PATHS = NO;
				CLANG_ANALYZER_NONNULL = YES;
				CLANG_ANALYZER_NUMBER_OBJECT_CONVERSION = YES_AGGRESSIVE;
				CLANG_CXX_LANGUAGE_STANDARD = "gnu++0x";
				CLANG_CXX_LIBRARY = "libc++";
				CLANG_ENABLE_MODULES = YES;
				CLANG_ENABLE_OBJC_ARC = YES;
				CLANG_WARN_BOOL_CONVERSION = YES;
				CLANG_WARN_CONSTANT_CONVERSION = YES;
				CLANG_WARN_DIRECT_OBJC_ISA_USAGE = YES_ERROR;
				CLANG_WARN_DOCUMENTATION_COMMENTS = YES;
				CLANG_WARN_EMPTY_BODY = YES;
				CLANG_WARN_ENUM_CONVERSION = YES;
				CLANG_WARN_INFINITE_RECURSION = YES;
				CLANG_WARN_INT_CONVERSION = YES;
				CLANG_WARN_OBJC_ROOT_CLASS = YES_ERROR;
				CLANG_WARN_SUSPICIOUS_MOVE = YES;
				CLANG_WARN_UNREACHABLE_CODE = YES;
				CLANG_WARN__DUPLICATE_METHOD_MATCH = YES;
				CODE_SIGN_IDENTITY = "-";
				COPY_PHASE_STRIP = NO;
				DEBUG_INFORMATION_FORMAT = dwarf;
				ENABLE_STRICT_OBJC_MSGSEND = YES;
				ENABLE_TESTABILITY = YES;
				GCC_C_LANGUAGE_STANDARD = gnu99;
				GCC_DYNAMIC_NO_PIC = NO;
				GCC_NO_COMMON_BLOCKS = YES;
				GCC_OPTIMIZATION_LEVEL = 0;
				GCC_PREPROCESSOR_DEFINITIONS = (
					"DEBUG=1",
					"$(inherited)",
				);
				GCC_WARN_64_TO_32_BIT_CONVERSION = YES;
				GCC_WARN_ABOUT_RETURN_TYPE = YES_ERROR;
				GCC_WARN_UNDECLARED_SELECTOR = YES;
				GCC_WARN_UNINITIALIZED_AUTOS = YES_AGGRESSIVE;
				GCC_WARN_UNUSED_FUNCTION = YES;
				GCC_WARN_UNUSED_VARIABLE = YES;
				MACOSX_DEPLOYMENT_TARGET = 10.12;
				MTL_ENABLE_DEBUG_INFO = YES;
				ONLY_ACTIVE_ARCH = YES;
				SDKROOT = macosx;
			};
			name = Debug;
		};
		63E66D372044568F008D4EF1 /* Release */ = {
			isa = XCBuildConfiguration;
			buildSettings = {
				ALWAYS_SEARCH_USER_PATHS = NO;
				CLANG_ANALYZER_NONNULL = YES;
				CLANG_ANALYZER_NUMBER_OBJECT_CONVERSION = YES_AGGRESSIVE;
				CLANG_CXX_LANGUAGE_STANDARD = "gnu++0x";
				CLANG_CXX_LIBRARY = "libc++";
				CLANG_ENABLE_MODULES = YES;
				CLANG_ENABLE_OBJC_ARC = YES;
				CLANG_WARN_BOOL_CONVERSION = YES;
				CLANG_WARN_CONSTANT_CONVERSION = YES;
				CLANG_WARN_DIRECT_OBJC_ISA_USAGE = YES_ERROR;
				CLANG_WARN_DOCUMENTATION_COMMENTS = YES;
				CLANG_WARN_EMPTY_BODY = YES;
				CLANG_WARN_ENUM_CONVERSION = YES;
				CLANG_WARN_INFINITE_RECURSION = YES;
				CLANG_WARN_INT_CONVERSION = YES;
				CLANG_WARN_OBJC_ROOT_CLASS = YES_ERROR;
				CLANG_WARN_SUSPICIOUS_MOVE = YES;
				CLANG_WARN_UNREACHABLE_CODE = YES;
				CLANG_WARN__DUPLICATE_METHOD_MATCH = YES;
				CODE_SIGN_IDENTITY = "-";
				COPY_PHASE_STRIP = NO;
				DEBUG_INFORMATION_FORMAT = "dwarf-with-dsym";
				ENABLE_NS_ASSERTIONS = NO;
				ENABLE_STRICT_OBJC_MSGSEND = YES;
				GCC_C_LANGUAGE_STANDARD = gnu99;
				GCC_NO_COMMON_BLOCKS = YES;
				GCC_WARN_64_TO_32_BIT_CONVERSION = YES;
				GCC_WARN_ABOUT_RETURN_TYPE = YES_ERROR;
				GCC_WARN_UNDECLARED_SELECTOR = YES;
				GCC_WARN_UNINITIALIZED_AUTOS = YES_AGGRESSIVE;
				GCC_WARN_UNUSED_FUNCTION = YES;
				GCC_WARN_UNUSED_VARIABLE = YES;
				MACOSX_DEPLOYMENT_TARGET = 10.12;
				MTL_ENABLE_DEBUG_INFO = NO;
				SDKROOT = macosx;
			};
			name = Release;
		};
		63E66D392044568F008D4EF1 /* Debug */ = {
			isa = XCBuildConfiguration;
			buildSettings = {
				PRODUCT_NAME = "$(TARGET_NAME)";
			};
			name = Debug;
		};
		63E66D3A2044568F008D4EF1 /* Release */ = {
			isa = XCBuildConfiguration;
			buildSettings = {
				PRODUCT_NAME = "$(TARGET_NAME)";
			};
			name = Release;
		};
/* End XCBuildConfiguration section */

/* Begin XCConfigurationList section */
		63E66D2C2044568F008D4EF1 /* Build configuration list for PBXProject "minilight_merge" */ = {
			isa = XCConfigurationList;
			buildConfigurations = (
				63E66D362044568F008D4EF1 /* Debug */,
				63E66D372044568F008D4EF1 /* Release */,
			);
			defaultConfigurationIsVisible = 0;
			defaultConfigurationName = Release;
		};
		63E66D382044568F008D4EF1 /* Build configuration list for PBXNativeTarget "minilight_merge" */ = {
			isa = XCConfigurationList;
			buildConfigurations = (
				63E66D392044568F008D4EF1 /* Debug */,
				63E66D3A2044568F008D4EF1 /* Release */,
			);
			defaultConfigurationIsVisible = 0;
		};
/* End XCConfigurationList section */
	};
	rootObject = 63E66D292044568F008D4EF1 /* Project object */;
}
