// !$*UTF8*$!
{
	archiveVersion = 1;
	classes = {
	};
	objectVersion = 46;
	objects = {

/* Begin PBXBuildFile section */
		63E66D7420445705008D4EF1 /* Camera.c in Sources */ = {isa = PBXBuildFile; fileRef = 63E66D5E20445705008D4EF1 /* Camera.c */; };
		63E66D7520445705008D4EF1 /* Exceptions.c in Sources */ = {isa = PBXBuildFile; fileRef = 63E66D6020445705008D4EF1 /* Exceptions.c */; };
		63E66D7620445705008D4EF1 /* Image.c in Sources */ = {isa = PBXBuildFile; fileRef = 63E66D6220445705008D4EF1 /* Image.c */; };
		63E66D7720445705008D4EF1 /* MiniLight.c in Sources */ = {isa = PBXBuildFile; fileRef = 63E66D6420445705008D4EF1 /* MiniLight.c */; };
		63E66D7820445705008D4EF1 /* Random.c in Sources */ = {isa = PBXBuildFile; fileRef = 63E66D6620445705008D4EF1 /* Random.c */; };
		63E66D7920445705008D4EF1 /* RayTracer.c in Sources */ = {isa = PBXBuildFile; fileRef = 63E66D6820445705008D4EF1 /* RayTracer.c */; };
		63E66D7A20445705008D4EF1 /* Scene.c in Sources */ = {isa = PBXBuildFile; fileRef = 63E66D6A20445705008D4EF1 /* Scene.c */; };
		63E66D7B20445705008D4EF1 /* SpatialIndex.c in Sources */ = {isa = PBXBuildFile; fileRef = 63E66D6C20445705008D4EF1 /* SpatialIndex.c */; };
		63E66D7C20445705008D4EF1 /* SurfacePoint.c in Sources */ = {isa = PBXBuildFile; fileRef = 63E66D6E20445705008D4EF1 /* SurfacePoint.c */; };
		63E66D7D20445705008D4EF1 /* Triangle.c in Sources */ = {isa = PBXBuildFile; fileRef = 63E66D7020445705008D4EF1 /* Triangle.c */; };
		63E66D7E20445705008D4EF1 /* Vector3f.c in Sources */ = {isa = PBXBuildFile; fileRef = 63E66D7220445705008D4EF1 /* Vector3f.c */; };
/* End PBXBuildFile section */

/* Begin PBXCopyFilesBuildPhase section */
		63E66CD6204455D6008D4EF1 /* CopyFiles */ = {
			isa = PBXCopyFilesBuildPhase;
			buildActionMask = 2147483647;
			dstPath = /usr/share/man/man1/;
			dstSubfolderSpec = 0;
			files = (
			);
			runOnlyForDeploymentPostprocessing = 1;
		};
/* End PBXCopyFilesBuildPhase section */

/* Begin PBXFileReference section */
		63E66CD8204455D6008D4EF1 /* minilight_render */ = {isa = PBXFileReference; explicitFileType = "compiled.mach-o.executable"; includeInIndex = 0; path = minilight_render; sourceTree = BUILT_PRODUCTS_DIR; };
		63E66D5E20445705008D4EF1 /* Camera.c */ = {isa = PBXFileReference; fileEncoding = 4; lastKnownFileType = sourcecode.c.c; name = Camera.c; path = source/Camera.c; sourceTree = "<group>"; };
		63E66D5F20445705008D4EF1 /* Camera.h */ = {isa = PBXFileReference; fileEncoding = 4; lastKnownFileType = sourcecode.c.h; name = Camera.h; path = source/Camera.h; sourceTree = "<group>"; };
		63E66D6020445705008D4EF1 /* Exceptions.c */ = {isa = PBXFileReference; fileEncoding = 4; lastKnownFileType = sourcecode.c.c; name = Exceptions.c; path = source/Exceptions.c; sourceTree = "<group>"; };
		63E66D6120445705008D4EF1 /* Exceptions.h */ = {isa = PBXFileReference; fileEncoding = 4; lastKnownFileType = sourcecode.c.h; name = Exceptions.h; path = source/Exceptions.h; sourceTree = "<group>"; };
		63E66D6220445705008D4EF1 /* Image.c */ = {isa = PBXFileReference; fileEncoding = 4; lastKnownFileType = sourcecode.c.c; name = Image.c; path = source/Image.c; sourceTree = "<group>"; };
		63E66D6320445705008D4EF1 /* Image.h */ = {isa = PBXFileReference; fileEncoding = 4; lastKnownFileType = sourcecode.c.h; name = Image.h; path = source/Image.h; sourceTree = "<group>"; };
		63E66D6420445705008D4EF1 /* MiniLight.c */ = {isa = PBXFileReference; fileEncoding = 4; lastKnownFileType = sourcecode.c.c; name = MiniLight.c; path = source/MiniLight.c; sourceTree = "<group>"; };
		63E66D6520445705008D4EF1 /* Primitives.h */ = {isa = PBXFileReference; fileEncoding = 4; lastKnownFileType = sourcecode.c.h; name = Primitives.h; path = source/Primitives.h; sourceTree = "<group>"; };
		63E66D6620445705008D4EF1 /* Random.c */ = {isa = PBXFileReference; fileEncoding = 4; lastKnownFileType = sourcecode.c.c; name = Random.c; path = source/Random.c; sourceTree = "<group>"; };
		63E66D6720445705008D4EF1 /* Random.h */ = {isa = PBXFileReference; fileEncoding = 4; lastKnownFileType = sourcecode.c.h; name = Random.h; path = source/Random.h; sourceTree = "<group>"; };
		63E66D6820445705008D4EF1 /* RayTracer.c */ = {isa = PBXFileReference; fileEncoding = 4; lastKnownFileType = sourcecode.c.c; name = RayTracer.c; path = source/RayTracer.c; sourceTree = "<group>"; };
		63E66D6920445705008D4EF1 /* RayTracer.h */ = {isa = PBXFileReference; fileEncoding = 4; lastKnownFileType = sourcecode.c.h; name = RayTracer.h; path = source/RayTracer.h; sourceTree = "<group>"; };
		63E66D6A20445705008D4EF1 /* Scene.c */ = {isa = PBXFileReference; fileEncoding = 4; lastKnownFileType = sourcecode.c.c; name = Scene.c; path = source/Scene.c; sourceTree = "<group>"; };
		63E66D6B20445705008D4EF1 /* Scene.h */ = {isa = PBXFileReference; fileEncoding = 4; lastKnownFileType = sourcecode.c.h; name = Scene.h; path = source/Scene.h; sourceTree = "<group>"; };
		63E66D6C20445705008D4EF1 /* SpatialIndex.c */ = {isa = PBXFileReference; fileEncoding = 4; lastKnownFileType = sourcecode.c.c; name = SpatialIndex.c; path = source/SpatialIndex.c; sourceTree = "<group>"; };
		63E66D6D20445705008D4EF1 /* SpatialIndex.h */ = {isa = PBXFileReference; fileEncoding = 4; lastKnownFileType = sourcecode.c.h; name = SpatialIndex.h; path = source/SpatialIndex.h; sourceTree = "<group>"; };
		63E66D6E20445705008D4EF1 /* SurfacePoint.c */ = {isa = PBXFileReference; fileEncoding = 4; lastKnownFileType = sourcecode.c.c; name = SurfacePoint.c; path = source/SurfacePoint.c; sourceTree = "<group>"; };
		63E66D6F20445705008D4EF1 /* SurfacePoint.h */ = {isa = PBXFileReference; fileEncoding = 4; lastKnownFileType = sourcecode.c.h; name = SurfacePoint.h; path = source/SurfacePoint.h; sourceTree = "<group>"; };
		63E66D7020445705008D4EF1 /* Triangle.c */ = {isa = PBXFileReference; fileEncoding = 4; lastKnownFileType = sourcecode.c.c; name = Triangle.c; path = source/Triangle.c; sourceTree = "<group>"; };
		63E66D7120445705008D4EF1 /* Triangle.h */ = {isa = PBXFileReference; fileEncoding = 4; lastKnownFileType = sourcecode.c.h; name = Triangle.h; path = source/Triangle.h; sourceTree = "<group>"; };
		63E66D7220445705008D4EF1 /* Vector3f.c */ = {isa = PBXFileReference; fileEncoding = 4; lastKnownFileType = sourcecode.c.c; name = Vector3f.c; path = source/Vector3f.c; sourceTree = "<group>"; };
		63E66D7320445705008D4EF1 /* Vector3f.h */ = {isa = PBXFileReference; fileEncoding = 4; lastKnownFileType = sourcecode.c.h; name = Vector3f.h; path = source/Vector3f.h; sourceTree = "<group>"; };
/* End PBXFileReference section */

/* Begin PBXFrameworksBuildPhase section */
		63E66CD5204455D6008D4EF1 /* Frameworks */ = {
			isa = PBXFrameworksBuildPhase;
			buildActionMask = 2147483647;
			files = (
			);
			runOnlyForDeploymentPostprocessing = 0;
		};
/* End PBXFrameworksBuildPhase section */

/* Begin PBXGroup section */
		63E66CCF204455D6008D4EF1 = {
			isa = PBXGroup;
			children = (
				63E66D5D204456FA008D4EF1 /* source */,
				63E66CD9204455D6008D4EF1 /* Products */,
			);
			sourceTree = "<group>";
		};
		63E66CD9204455D6008D4EF1 /* Products */ = {
			isa = PBXGroup;
			children = (
				63E66CD8204455D6008D4EF1 /* minilight_render */,
			);
			name = Products;
			sourceTree = "<group>";
		};
		63E66D5D204456FA008D4EF1 /* source */ = {
			isa = PBXGroup;
			children = (
				63E66D5E20445705008D4EF1 /* Camera.c */,
				63E66D5F20445705008D4EF1 /* Camera.h */,
				63E66D6020445705008D4EF1 /* Exceptions.c */,
				63E66D6120445705008D4EF1 /* Exceptions.h */,
				63E66D6220445705008D4EF1 /* Image.c */,
				63E66D6320445705008D4EF1 /* Image.h */,
				63E66D6420445705008D4EF1 /* MiniLight.c */,
				63E66D6520445705008D4EF1 /* Primitives.h */,
				63E66D6620445705008D4EF1 /* Random.c */,
				63E66D6720445705008D4EF1 /* Random.h */,
				63E66D6820445705008D4EF1 /* RayTracer.c */,
				63E66D6920445705008D4EF1 /* RayTracer.h */,
				63E66D6A20445705008D4EF1 /* Scene.c */,
				63E66D6B20445705008D4EF1 /* Scene.h */,
				63E66D6C20445705008D4EF1 /* SpatialIndex.c */,
				63E66D6D20445705008D4EF1 /* SpatialIndex.h */,
				63E66D6E20445705008D4EF1 /* SurfacePoint.c */,
				63E66D6F20445705008D4EF1 /* SurfacePoint.h */,
				63E66D7020445705008D4EF1 /* Triangle.c */,
				63E66D7120445705008D4EF1 /* Triangle.h */,
				63E66D7220445705008D4EF1 /* Vector3f.c */,
				63E66D7320445705008D4EF1 /* Vector3f.h */,
			);
			name = source;
			sourceTree = "<group>";
		};
/* End PBXGroup section */

/* Begin PBXNativeTarget section */
		63E66CD7204455D6008D4EF1 /* minilight_render */ = {
			isa = PBXNativeTarget;
			buildConfigurationList = 63E66CDF204455D6008D4EF1 /* Build configuration list for PBXNativeTarget "minilight_render" */;
			buildPhases = (
				63E66CD4204455D6008D4EF1 /* Sources */,
				63E66CD5204455D6008D4EF1 /* Frameworks */,
				63E66CD6204455D6008D4EF1 /* CopyFiles */,
			);
			buildRules = (
			);
			dependencies = (
			);
			name = minilight_render;
			productName = minilight;
			productReference = 63E66CD8204455D6008D4EF1 /* minilight_render */;
			productType = "com.apple.product-type.tool";
		};
/* End PBXNativeTarget section */

/* Begin PBXProject section */
		63E66CD0204455D6008D4EF1 /* Project object */ = {
			isa = PBXProject;
			attributes = {
				LastUpgradeCheck = 0830;
				ORGANIZATIONNAME = "Riccardo Gigante";
				TargetAttributes = {
					63E66CD7204455D6008D4EF1 = {
						CreatedOnToolsVersion = 8.3.3;
						ProvisioningStyle = Automatic;
					};
				};
			};
			buildConfigurationList = 63E66CD3204455D6008D4EF1 /* Build configuration list for PBXProject "minilight_render" */;
			compatibilityVersion = "Xcode 3.2";
			developmentRegion = English;
			hasScannedForEncodings = 0;
			knownRegions = (
				en,
			);
			mainGroup = 63E66CCF204455D6008D4EF1;
			productRefGroup = 63E66CD9204455D6008D4EF1 /* Products */;
			projectDirPath = "";
			projectRoot = "";
			targets = (
				63E66CD7204455D6008D4EF1 /* minilight_render */,
			);
		};
/* End PBXProject section */

/* Begin PBXSourcesBuildPhase section */
		63E66CD4204455D6008D4EF1 /* Sources */ = {
			isa = PBXSourcesBuildPhase;
			buildActionMask = 2147483647;
			files = (
				63E66D7E20445705008D4EF1 /* Vector3f.c in Sources */,
				63E66D7620445705008D4EF1 /* Image.c in Sources */,
				63E66D7720445705008D4EF1 /* MiniLight.c in Sources */,
				63E66D7420445705008D4EF1 /* Camera.c in Sources */,
				63E66D7A20445705008D4EF1 /* Scene.c in Sources */,
				63E66D7520445705008D4EF1 /* Exceptions.c in Sources */,
				63E66D7D20445705008D4EF1 /* Triangle.c in Sources */,
				63E66D7C20445705008D4EF1 /* SurfacePoint.c in Sources */,
				63E66D7B20445705008D4EF1 /* SpatialIndex.c in Sources */,
				63E66D7820445705008D4EF1 /* Random.c in Sources */,
				63E66D7920445705008D4EF1 /* RayTracer.c in Sources */,
			);
			runOnlyForDeploymentPostprocessing = 0;
		};
/* End PBXSourcesBuildPhase section */

/* Begin XCBuildConfiguration section */
		63E66CDD204455D6008D4EF1 /* Debug */ = {
			isa = XCBuildConfiguration;
			buildSettings = {
				ALWAYS_SEARCH_USER_PATHS = NO;
				CLANG_ANALYZER_NONNULL = YES;
				CLANG_ANALYZER_NUMBER_OBJECT_CONVERSION = YES_AGGRESSIVE;
				CLANG_CXX_LANGUAGE_STANDARD = "gnu++0x";
				CLANG_CXX_LIBRARY = "libc++";
				CLANG_ENABLE_MODULES = YES;
				CLANG_ENABLE_OBJC_ARC = YES;
				CLANG_WARN_BOOL_CONVERSION = YES;
				CLANG_WARN_CONSTANT_CONVERSION = YES;
				CLANG_WARN_DIRECT_OBJC_ISA_USAGE = YES_ERROR;
				CLANG_WARN_DOCUMENTATION_COMMENTS = YES;
				CLANG_WARN_EMPTY_BODY = YES;
				CLANG_WARN_ENUM_CONVERSION = YES;
				CLANG_WARN_INFINITE_RECURSION = YES;
				CLANG_WARN_INT_CONVERSION = YES;
				CLANG_WARN_OBJC_ROOT_CLASS = YES_ERROR;
				CLANG_WARN_SUSPICIOUS_MOVE = YES;
				CLANG_WARN_UNREACHABLE_CODE = YES;
				CLANG_WARN__DUPLICATE_METHOD_MATCH = YES;
				CODE_SIGN_IDENTITY = "-";
				COPY_PHASE_STRIP = NO;
				DEBUG_INFORMATION_FORMAT = dwarf;
				ENABLE_STRICT_OBJC_MSGSEND = YES;
				ENABLE_TESTABILITY = YES;
				GCC_C_LANGUAGE_STANDARD = gnu99;
				GCC_DYNAMIC_NO_PIC = NO;
				GCC_NO_COMMON_BLOCKS = YES;
				GCC_OPTIMIZATION_LEVEL = 0;
				GCC_PREPROCESSOR_DEFINITIONS = (
					"DEBUG=1",
					"$(inherited)",
				);
				GCC_WARN_64_TO_32_BIT_CONVERSION = YES;
				GCC_WARN_ABOUT_RETURN_TYPE = YES_ERROR;
				GCC_WARN_UNDECLARED_SELECTOR = YES;
				GCC_WARN_UNINITIALIZED_AUTOS = YES_AGGRESSIVE;
				GCC_WARN_UNUSED_FUNCTION = YES;
				GCC_WARN_UNUSED_VARIABLE = YES;
				MACOSX_DEPLOYMENT_TARGET = 10.12;
				MTL_ENABLE_DEBUG_INFO = YES;
				ONLY_ACTIVE_ARCH = YES;
				SDKROOT = macosx;
			};
			name = Debug;
		};
		63E66CDE204455D6008D4EF1 /* Release */ = {
			isa = XCBuildConfiguration;
			buildSettings = {
				ALWAYS_SEARCH_USER_PATHS = NO;
				CLANG_ANALYZER_NONNULL = YES;
				CLANG_ANALYZER_NUMBER_OBJECT_CONVERSION = YES_AGGRESSIVE;
				CLANG_CXX_LANGUAGE_STANDARD = "gnu++0x";
				CLANG_CXX_LIBRARY = "libc++";
				CLANG_ENABLE_MODULES = YES;
				CLANG_ENABLE_OBJC_ARC = YES;
				CLANG_WARN_BOOL_CONVERSION = YES;
				CLANG_WARN_CONSTANT_CONVERSION = YES;
				CLANG_WARN_DIRECT_OBJC_ISA_USAGE = YES_ERROR;
				CLANG_WARN_DOCUMENTATION_COMMENTS = YES;
				CLANG_WARN_EMPTY_BODY = YES;
				CLANG_WARN_ENUM_CONVERSION = YES;
				CLANG_WARN_INFINITE_RECURSION = YES;
				CLANG_WARN_INT_CONVERSION = YES;
				CLANG_WARN_OBJC_ROOT_CLASS = YES_ERROR;
				CLANG_WARN_SUSPICIOUS_MOVE = YES;
				CLANG_WARN_UNREACHABLE_CODE = YES;
				CLANG_WARN__DUPLICATE_METHOD_MATCH = YES;
				CODE_SIGN_IDENTITY = "-";
				COPY_PHASE_STRIP = NO;
				DEBUG_INFORMATION_FORMAT = "dwarf-with-dsym";
				ENABLE_NS_ASSERTIONS = NO;
				ENABLE_STRICT_OBJC_MSGSEND = YES;
				GCC_C_LANGUAGE_STANDARD = gnu99;
				GCC_NO_COMMON_BLOCKS = YES;
				GCC_WARN_64_TO_32_BIT_CONVERSION = YES;
				GCC_WARN_ABOUT_RETURN_TYPE = YES_ERROR;
				GCC_WARN_UNDECLARED_SELECTOR = YES;
				GCC_WARN_UNINITIALIZED_AUTOS = YES_AGGRESSIVE;
				GCC_WARN_UNUSED_FUNCTION = YES;
				GCC_WARN_UNUSED_VARIABLE = YES;
				MACOSX_DEPLOYMENT_TARGET = 10.12;
				MTL_ENABLE_DEBUG_INFO = NO;
				SDKROOT = macosx;
			};
			name = Release;
		};
		63E66CE0204455D6008D4EF1 /* Debug */ = {
			isa = XCBuildConfiguration;
			buildSettings = {
				PRODUCT_NAME = "$(TARGET_NAME)";
			};
			name = Debug;
		};
		63E66CE1204455D6008D4EF1 /* Release */ = {
			isa = XCBuildConfiguration;
			buildSettings = {
				PRODUCT_NAME = "$(TARGET_NAME)";
			};
			name = Release;
		};
/* End XCBuildConfiguration section */

/* Begin XCConfigurationList section */
		63E66CD3204455D6008D4EF1 /* Build configuration list for PBXProject "minilight_render" */ = {
			isa = XCConfigurationList;
			buildConfigurations = (
				63E66CDD204455D6008D4EF1 /* Debug */,
				63E66CDE204455D6008D4EF1 /* Release */,
			);
			defaultConfigurationIsVisible = 0;
			defaultConfigurationName = Release;
		};
		63E66CDF204455D6008D4EF1 /* Build configuration list for PBXNativeTarget "minilight_render" */ = {
			isa = XCConfigurationList;
			buildConfigurations = (
				63E66CE0204455D6008D4EF1 /* Debug */,
				63E66CE1204455D6008D4EF1 /* Release */,
			);
			defaultConfigurationIsVisible = 0;
			defaultConfigurationName = Release;
		};
/* End XCConfigurationList section */
	};
	rootObject = 63E66CD0204455D6008D4EF1 /* Project object */;
}
